# This file is automatically @generated by Cargo.
# It is not intended for manual editing.
version = 4

[[package]]
name = "snakes"
version = "0.1.0"
dependencies = [
 "stdt",
]

[[package]]
name = "stdt"
version = "0.0.5"
source = "registry+https://github.com/rust-lang/crates.io-index"
checksum = "b182174e973045048f4e1685116091b389f73459d87d4401ebab76c4fa030f6f"
